Microsoft Visual Studio Solution File, Format Version 12.00
# Visual Studio Version 17
VisualStudioVersion = 17.5.2.0
MinimumVisualStudioVersion = 10.0.40219.1
Project("{FAE04EC0-301F-11D3-BF4B-00C04F79EFBC}") = "RazorPagesMovie", "RazorPagesMovie.csproj", "{C2B64880-A17A-B578-3C3E-D999EF4740CB}"
EndProject
Global
	GlobalSection(SolutionConfigurationPlatforms) = preSolution
		Debug|Any CPU = Debug|Any CPU
		Release|Any CPU = Release|Any CPU
	EndGlobalSection
	GlobalSection(ProjectConfigurationPlatforms) = postSolution
		{C2B64880-A17A-B578-3C3E-D999EF4740CB}.Debug|Any CPU.ActiveCfg = Debug|Any CPU
		{C2B64880-A17A-B578-3C3E-D999EF4740CB}.Debug|Any CPU.Build.0 = Debug|Any CPU
		{C2B64880-A17A-B578-3C3E-D999EF4740CB}.Release|Any CPU.ActiveCfg = Release|Any CPU
		{C2B64880-A17A-B578-3C3E-D999EF4740CB}.Release|Any CPU.Build.0 = Release|Any CPU
	EndGlobalSection
	GlobalSection(SolutionProperties) = preSolution
		HideSolutionNode = FALSE
	EndGlobalSection
	GlobalSection(ExtensibilityGlobals) = postSolution
		SolutionGuid = {336E40C6-6162-4165-A3ED-62DE25011CCA}
	EndGlobalSection
EndGlobal
